
Microsoft Visual Studio Solution File, Format Version 12.00
# Visual Studio Version 17
VisualStudioVersion = 17.6.33712.159
MinimumVisualStudioVersion = 10.0.40219.1
Project("{8BC9CEB8-8B4A-11D0-8D11-00A0C91BC942}") = "Homework 16", "Homework 16.vcxproj", "{C089B14E-69FE-4472-A3C1-A3C25C8566C5}"
EndProject
Global
	GlobalSection(SolutionConfigurationPlatforms) = preSolution
		Debug|x64 = Debug|x64
		Debug|x86 = Debug|x86
		Release|x64 = Release|x64
		Release|x86 = Release|x86
	EndGlobalSection
	GlobalSection(ProjectConfigurationPlatforms) = postSolution
		{C089B14E-69FE-4472-A3C1-A3C25C8566C5}.Debug|x64.ActiveCfg = Debug|x64
		{C089B14E-69FE-4472-A3C1-A3C25C8566C5}.Debug|x64.Build.0 = Debug|x64
		{C089B14E-69FE-4472-A3C1-A3C25C8566C5}.Debug|x86.ActiveCfg = Debug|Win32
		{C089B14E-69FE-4472-A3C1-A3C25C8566C5}.Debug|x86.Build.0 = Debug|Win32
		{C089B14E-69FE-4472-A3C1-A3C25C8566C5}.Release|x64.ActiveCfg = Release|x64
		{C089B14E-69FE-4472-A3C1-A3C25C8566C5}.Release|x64.Build.0 = Release|x64
		{C089B14E-69FE-4472-A3C1-A3C25C8566C5}.Release|x86.ActiveCfg = Release|Win32
		{C089B14E-69FE-4472-A3C1-A3C25C8566C5}.Release|x86.Build.0 = Release|Win32
	EndGlobalSection
	GlobalSection(SolutionProperties) = preSolution
		HideSolutionNode = FALSE
	EndGlobalSection
	GlobalSection(ExtensibilityGlobals) = postSolution
		SolutionGuid = {E76FBA7A-2B48-4B83-93F0-F0392C631B58}
	EndGlobalSection
EndGlobal
